
Microsoft Visual Studio Solution File, Format Version 12.00
# Visual Studio 15
VisualStudioVersion = 15.0.28307.645
MinimumVisualStudioVersion = 10.0.40219.1
Project("{FAE04EC0-301F-11D3-BF4B-00C04F79EFBC}") = "ListEnvVarsByTarget", "ListEnvVarsByTarget.csproj", "{5CDAC9CA-E1DE-4864-9A82-86FEA53402EE}"
EndProject
Global
	GlobalSection(SolutionConfigurationPlatforms) = preSolution
		Debug|Any CPU = Debug|Any CPU
		Release|Any CPU = Release|Any CPU
	EndGlobalSection
	GlobalSection(ProjectConfigurationPlatforms) = postSolution
		{5CDAC9CA-E1DE-4864-9A82-86FEA53402EE}.Debug|Any CPU.ActiveCfg = Debug|Any CPU
		{5CDAC9CA-E1DE-4864-9A82-86FEA53402EE}.Debug|Any CPU.Build.0 = Debug|Any CPU
		{5CDAC9CA-E1DE-4864-9A82-86FEA53402EE}.Release|Any CPU.ActiveCfg = Release|Any CPU
		{5CDAC9CA-E1DE-4864-9A82-86FEA53402EE}.Release|Any CPU.Build.0 = Release|Any CPU
	EndGlobalSection
	GlobalSection(SolutionProperties) = preSolution
		HideSolutionNode = FALSE
	EndGlobalSection
	GlobalSection(ExtensibilityGlobals) = postSolution
		SolutionGuid = {A30B1F82-4DA6-4853-B3A6-EB86A531D2FC}
	EndGlobalSection
EndGlobal
